
Microsoft Visual Studio Solution File, Format Version 12.00
# Visual Studio 15
VisualStudioVersion = 15.0.28010.2036
MinimumVisualStudioVersion = 10.0.40219.1
Project("{FAE04EC0-301F-11D3-BF4B-00C04F79EFBC}") = "Сервер", "WpfApp1\Сервер.csproj", "{F36C71EB-54DF-45DE-9C5F-3E54D8EB4E87}"
EndProject
Project("{FAE04EC0-301F-11D3-BF4B-00C04F79EFBC}") = "Клиент", "WpfApp2\Клиент.csproj", "{8E4AD31F-9CDF-4DCF-95BC-F0091913E357}"
EndProject
Global
	GlobalSection(SolutionConfigurationPlatforms) = preSolution
		Debug|Any CPU = Debug|Any CPU
		Release|Any CPU = Release|Any CPU
	EndGlobalSection
	GlobalSection(ProjectConfigurationPlatforms) = postSolution
		{F36C71EB-54DF-45DE-9C5F-3E54D8EB4E87}.Debug|Any CPU.ActiveCfg = Debug|Any CPU
		{F36C71EB-54DF-45DE-9C5F-3E54D8EB4E87}.Debug|Any CPU.Build.0 = Debug|Any CPU
		{F36C71EB-54DF-45DE-9C5F-3E54D8EB4E87}.Release|Any CPU.ActiveCfg = Release|Any CPU
		{F36C71EB-54DF-45DE-9C5F-3E54D8EB4E87}.Release|Any CPU.Build.0 = Release|Any CPU
		{8E4AD31F-9CDF-4DCF-95BC-F0091913E357}.Debug|Any CPU.ActiveCfg = Debug|Any CPU
		{8E4AD31F-9CDF-4DCF-95BC-F0091913E357}.Debug|Any CPU.Build.0 = Debug|Any CPU
		{8E4AD31F-9CDF-4DCF-95BC-F0091913E357}.Release|Any CPU.ActiveCfg = Release|Any CPU
		{8E4AD31F-9CDF-4DCF-95BC-F0091913E357}.Release|Any CPU.Build.0 = Release|Any CPU
	EndGlobalSection
	GlobalSection(SolutionProperties) = preSolution
		HideSolutionNode = FALSE
	EndGlobalSection
	GlobalSection(ExtensibilityGlobals) = postSolution
		SolutionGuid = {A601AEEE-D5BE-4E71-BEC0-3956E931D02A}
	EndGlobalSection
EndGlobal
